[[package]]
name = "hashlib"
version = "20081119"
description = "Secure hash and message digest algorithm library"
category = "main"
optional = false
python-versions = "*"

[metadata]
lock-version = "1.1"
python-versions = "^3.7"
content-hash = "6b0a15d6b8660448274c4fc3a13bef963536cf4584072bb8c9cc69d1e97b6a90"

[metadata.files]
hashlib = [
    {file = "hashlib-20060408a.win32-py2.4-openssl.exe", hash = "sha256:6ece4dbc12a71cd24793e5a06ba72f0ee0142affea6593842e5520f400ec9dbb"},
    {file = "hashlib-20081119.zip", hash = "sha256:419de2fd10ae71ed9c6adcb55903f116abd1d8acc8c814dfd5f839b4d5013e38"},
]
